
Microsoft Visual Studio Solution File, Format Version 12.00
# Visual Studio Version 16
VisualStudioVersion = 16.0.30717.126
MinimumVisualStudioVersion = 10.0.40219.1
Project("{FAE04EC0-301F-11D3-BF4B-00C04F79EFBC}") = "CuoiKiCDCNPM", "CuoiKiCDCNPM.csproj", "{62E08487-95FD-4637-94B4-4C9DCFD3DC7F}"
EndProject
Global
	GlobalSection(SolutionConfigurationPlatforms) = preSolution
		Debug|Any CPU = Debug|Any CPU
		Release|Any CPU = Release|Any CPU
	EndGlobalSection
	GlobalSection(ProjectConfigurationPlatforms) = postSolution
		{62E08487-95FD-4637-94B4-4C9DCFD3DC7F}.Debug|Any CPU.ActiveCfg = Debug|Any CPU
		{62E08487-95FD-4637-94B4-4C9DCFD3DC7F}.Debug|Any CPU.Build.0 = Debug|Any CPU
		{62E08487-95FD-4637-94B4-4C9DCFD3DC7F}.Release|Any CPU.ActiveCfg = Release|Any CPU
		{62E08487-95FD-4637-94B4-4C9DCFD3DC7F}.Release|Any CPU.Build.0 = Release|Any CPU
	EndGlobalSection
	GlobalSection(SolutionProperties) = preSolution
		HideSolutionNode = FALSE
	EndGlobalSection
	GlobalSection(ExtensibilityGlobals) = postSolution
		SolutionGuid = {9956DB28-09CB-447B-ACB3-296496C81676}
	EndGlobalSection
EndGlobal
